
Microsoft Visual Studio Solution File, Format Version 12.00
# Visual Studio Version 16
VisualStudioVersion = 16.0.31624.102
MinimumVisualStudioVersion = 10.0.40219.1
Project("{8BC9CEB8-8B4A-11D0-8D11-00A0C91BC942}") = "haspnt64", "haspnt64\haspnt64.vcxproj", "{F38CC21B-E335-487F-8644-B3CDB71608C9}"
	ProjectSection(ProjectDependencies) = postProject
		{F777CFD4-3240-4EC0-AFA6-AA10183B0581} = {F777CFD4-3240-4EC0-AFA6-AA10183B0581}
	EndProjectSection
EndProject
Project("{8BC9CEB8-8B4A-11D0-8D11-00A0C91BC942}") = "haspvdd", "haspvdd\haspvdd.vcxproj", "{F777CFD4-3240-4EC0-AFA6-AA10183B0581}"
EndProject
Project("{8BC9CEB8-8B4A-11D0-8D11-00A0C91BC942}") = "dumplog", "dumplog\dumplog.vcxproj", "{8A3FD706-33D4-4BED-B666-9041013178FE}"
EndProject
Global
	GlobalSection(SolutionConfigurationPlatforms) = preSolution
		Debug|ARM = Debug|ARM
		Debug|ARM64 = Debug|ARM64
		Debug|x64 = Debug|x64
		Debug|x86 = Debug|x86
		Release|ARM = Release|ARM
		Release|ARM64 = Release|ARM64
		Release|x64 = Release|x64
		Release|x86 = Release|x86
	EndGlobalSection
	GlobalSection(ProjectConfigurationPlatforms) = postSolution
		{F38CC21B-E335-487F-8644-B3CDB71608C9}.Debug|ARM.ActiveCfg = Debug|ARM
		{F38CC21B-E335-487F-8644-B3CDB71608C9}.Debug|ARM.Build.0 = Debug|ARM
		{F38CC21B-E335-487F-8644-B3CDB71608C9}.Debug|ARM.Deploy.0 = Debug|ARM
		{F38CC21B-E335-487F-8644-B3CDB71608C9}.Debug|ARM64.ActiveCfg = Debug|ARM64
		{F38CC21B-E335-487F-8644-B3CDB71608C9}.Debug|ARM64.Build.0 = Debug|ARM64
		{F38CC21B-E335-487F-8644-B3CDB71608C9}.Debug|ARM64.Deploy.0 = Debug|ARM64
		{F38CC21B-E335-487F-8644-B3CDB71608C9}.Debug|x64.ActiveCfg = Debug|x64
		{F38CC21B-E335-487F-8644-B3CDB71608C9}.Debug|x64.Build.0 = Debug|x64
		{F38CC21B-E335-487F-8644-B3CDB71608C9}.Debug|x64.Deploy.0 = Debug|x64
		{F38CC21B-E335-487F-8644-B3CDB71608C9}.Debug|x86.ActiveCfg = Debug|Win32
		{F38CC21B-E335-487F-8644-B3CDB71608C9}.Debug|x86.Build.0 = Debug|Win32
		{F38CC21B-E335-487F-8644-B3CDB71608C9}.Debug|x86.Deploy.0 = Debug|Win32
		{F38CC21B-E335-487F-8644-B3CDB71608C9}.Release|ARM.ActiveCfg = Release|Win32
		{F38CC21B-E335-487F-8644-B3CDB71608C9}.Release|ARM.Build.0 = Release|Win32
		{F38CC21B-E335-487F-8644-B3CDB71608C9}.Release|ARM.Deploy.0 = Release|Win32
		{F38CC21B-E335-487F-8644-B3CDB71608C9}.Release|ARM64.ActiveCfg = Release|ARM64
		{F38CC21B-E335-487F-8644-B3CDB71608C9}.Release|ARM64.Build.0 = Release|ARM64
		{F38CC21B-E335-487F-8644-B3CDB71608C9}.Release|ARM64.Deploy.0 = Release|ARM64
		{F38CC21B-E335-487F-8644-B3CDB71608C9}.Release|x64.ActiveCfg = Release-signed|x64
		{F38CC21B-E335-487F-8644-B3CDB71608C9}.Release|x64.Build.0 = Release-signed|x64
		{F38CC21B-E335-487F-8644-B3CDB71608C9}.Release|x64.Deploy.0 = Release-signed|x64
		{F38CC21B-E335-487F-8644-B3CDB71608C9}.Release|x86.ActiveCfg = Release|Win32
		{F38CC21B-E335-487F-8644-B3CDB71608C9}.Release|x86.Build.0 = Release|Win32
		{F38CC21B-E335-487F-8644-B3CDB71608C9}.Release|x86.Deploy.0 = Release|Win32
		{F777CFD4-3240-4EC0-AFA6-AA10183B0581}.Debug|ARM.ActiveCfg = Debug|Win32
		{F777CFD4-3240-4EC0-AFA6-AA10183B0581}.Debug|ARM64.ActiveCfg = Debug|Win32
		{F777CFD4-3240-4EC0-AFA6-AA10183B0581}.Debug|x64.ActiveCfg = Debug|Win32
		{F777CFD4-3240-4EC0-AFA6-AA10183B0581}.Debug|x86.ActiveCfg = Debug|Win32
		{F777CFD4-3240-4EC0-AFA6-AA10183B0581}.Debug|x86.Build.0 = Debug|Win32
		{F777CFD4-3240-4EC0-AFA6-AA10183B0581}.Release|ARM.ActiveCfg = Release-W64|Win32
		{F777CFD4-3240-4EC0-AFA6-AA10183B0581}.Release|ARM64.ActiveCfg = Release|Win32
		{F777CFD4-3240-4EC0-AFA6-AA10183B0581}.Release|x64.ActiveCfg = Release-W64|Win32
		{F777CFD4-3240-4EC0-AFA6-AA10183B0581}.Release|x86.ActiveCfg = Release|Win32
		{F777CFD4-3240-4EC0-AFA6-AA10183B0581}.Release|x86.Build.0 = Release|Win32
		{8A3FD706-33D4-4BED-B666-9041013178FE}.Debug|ARM.ActiveCfg = Debug|Win32
		{8A3FD706-33D4-4BED-B666-9041013178FE}.Debug|ARM64.ActiveCfg = Debug|Win32
		{8A3FD706-33D4-4BED-B666-9041013178FE}.Debug|x64.ActiveCfg = Debug|x64
		{8A3FD706-33D4-4BED-B666-9041013178FE}.Debug|x64.Build.0 = Debug|x64
		{8A3FD706-33D4-4BED-B666-9041013178FE}.Debug|x86.ActiveCfg = Debug|Win32
		{8A3FD706-33D4-4BED-B666-9041013178FE}.Debug|x86.Build.0 = Debug|Win32
		{8A3FD706-33D4-4BED-B666-9041013178FE}.Release|ARM.ActiveCfg = Release|Win32
		{8A3FD706-33D4-4BED-B666-9041013178FE}.Release|ARM64.ActiveCfg = Release|Win32
		{8A3FD706-33D4-4BED-B666-9041013178FE}.Release|x64.ActiveCfg = Release|x64
		{8A3FD706-33D4-4BED-B666-9041013178FE}.Release|x64.Build.0 = Release|x64
		{8A3FD706-33D4-4BED-B666-9041013178FE}.Release|x86.ActiveCfg = Release|Win32
		{8A3FD706-33D4-4BED-B666-9041013178FE}.Release|x86.Build.0 = Release|Win32
	EndGlobalSection
	GlobalSection(SolutionProperties) = preSolution
		HideSolutionNode = FALSE
	EndGlobalSection
	GlobalSection(ExtensibilityGlobals) = postSolution
		SolutionGuid = {A7D7FBB3-ECDC-45AE-88C3-39A34C87C6C0}
	EndGlobalSection
EndGlobal
